
Microsoft Visual Studio Solution File, Format Version 12.00
# Visual Studio 2013
VisualStudioVersion = 12.0.31101.0
MinimumVisualStudioVersion = 10.0.40219.1
Project("{FAE04EC0-301F-11D3-BF4B-00C04F79EFBC}") = "Iridium.Server", "Iridium.Server\Iridium.Server.csproj", "{E468FB39-DD55-490B-87AC-E8C651F82C10}"
EndProject
Project("{FAE04EC0-301F-11D3-BF4B-00C04F79EFBC}") = "Iridium.Utils", "Iridium.Utils\Iridium.Utils.csproj", "{23B844BD-9137-46E6-B683-8060F3E28924}"
EndProject
Project("{FAE04EC0-301F-11D3-BF4B-00C04F79EFBC}") = "Iridium.DevelopClient", "Iridium.DevelopClient\Iridium.DevelopClient.csproj", "{B1DF9043-D67A-48DF-A732-21B94C6F1CB1}"
EndProject
Project("{FAE04EC0-301F-11D3-BF4B-00C04F79EFBC}") = "CodeGeneration", "CodeGeneration\CodeGeneration.csproj", "{A05E9F7C-08FF-415B-BB6C-7B886D5FA3D7}"
EndProject
Project("{FAE04EC0-301F-11D3-BF4B-00C04F79EFBC}") = "Iridium.Network", "Iridium.Network\Iridium.Network.csproj", "{A38847D3-B1D0-40D3-B092-F3F41E815BF3}"
EndProject
Global
	GlobalSection(SolutionConfigurationPlatforms) = preSolution
		Debug|Any CPU = Debug|Any CPU
		Release|Any CPU = Release|Any CPU
	EndGlobalSection
	GlobalSection(ProjectConfigurationPlatforms) = postSolution
		{E468FB39-DD55-490B-87AC-E8C651F82C10}.Debug|Any CPU.ActiveCfg = Debug|Any CPU
		{E468FB39-DD55-490B-87AC-E8C651F82C10}.Debug|Any CPU.Build.0 = Debug|Any CPU
		{E468FB39-DD55-490B-87AC-E8C651F82C10}.Release|Any CPU.ActiveCfg = Release|Any CPU
		{E468FB39-DD55-490B-87AC-E8C651F82C10}.Release|Any CPU.Build.0 = Release|Any CPU
		{23B844BD-9137-46E6-B683-8060F3E28924}.Debug|Any CPU.ActiveCfg = Debug|Any CPU
		{23B844BD-9137-46E6-B683-8060F3E28924}.Debug|Any CPU.Build.0 = Debug|Any CPU
		{23B844BD-9137-46E6-B683-8060F3E28924}.Release|Any CPU.ActiveCfg = Release|Any CPU
		{23B844BD-9137-46E6-B683-8060F3E28924}.Release|Any CPU.Build.0 = Release|Any CPU
		{B1DF9043-D67A-48DF-A732-21B94C6F1CB1}.Debug|Any CPU.ActiveCfg = Debug|Any CPU
		{B1DF9043-D67A-48DF-A732-21B94C6F1CB1}.Debug|Any CPU.Build.0 = Debug|Any CPU
		{B1DF9043-D67A-48DF-A732-21B94C6F1CB1}.Release|Any CPU.ActiveCfg = Release|Any CPU
		{B1DF9043-D67A-48DF-A732-21B94C6F1CB1}.Release|Any CPU.Build.0 = Release|Any CPU
		{A05E9F7C-08FF-415B-BB6C-7B886D5FA3D7}.Debug|Any CPU.ActiveCfg = Debug|Any CPU
		{A05E9F7C-08FF-415B-BB6C-7B886D5FA3D7}.Debug|Any CPU.Build.0 = Debug|Any CPU
		{A05E9F7C-08FF-415B-BB6C-7B886D5FA3D7}.Release|Any CPU.ActiveCfg = Release|Any CPU
		{A05E9F7C-08FF-415B-BB6C-7B886D5FA3D7}.Release|Any CPU.Build.0 = Release|Any CPU
		{A38847D3-B1D0-40D3-B092-F3F41E815BF3}.Debug|Any CPU.ActiveCfg = Debug|Any CPU
		{A38847D3-B1D0-40D3-B092-F3F41E815BF3}.Debug|Any CPU.Build.0 = Debug|Any CPU
		{A38847D3-B1D0-40D3-B092-F3F41E815BF3}.Release|Any CPU.ActiveCfg = Release|Any CPU
		{A38847D3-B1D0-40D3-B092-F3F41E815BF3}.Release|Any CPU.Build.0 = Release|Any CPU
	EndGlobalSection
	GlobalSection(SolutionProperties) = preSolution
		HideSolutionNode = FALSE
	EndGlobalSection
EndGlobal
